
Microsoft Visual Studio Solution File, Format Version 12.00
# Visual Studio Version 17
VisualStudioVersion = 17.7.34031.279
MinimumVisualStudioVersion = 10.0.40219.1
Project("{2150E333-8FDC-42A3-9474-1A3956D46DE8}") = "Services", "Services", "{1A034CDA-9384-47D3-8961-35EAF1867BDF}"
EndProject
Project("{2150E333-8FDC-42A3-9474-1A3956D46DE8}") = "Catalog", "Catalog", "{64E0C9D6-1B62-4AFC-AA9D-077CE3D89382}"
EndProject
Project("{9A19103F-16F7-4668-BE54-9A1E7A4F7556}") = "Catalog.API", "Services\Catalog\Catalog.API\Catalog.API.csproj", "{8B941F8D-C7ED-4F13-A821-568684F7909B}"
EndProject
Project("{E53339B2-1760-4266-BCC7-CA923CBCF16C}") = "docker-compose", "docker-compose.dcproj", "{262B9258-04CB-44AF-9C11-803B050C6E04}"
EndProject
Project("{2150E333-8FDC-42A3-9474-1A3956D46DE8}") = "Basket", "Basket", "{56960760-4A02-4F4D-8B85-748BDAB54CE9}"
EndProject
Project("{9A19103F-16F7-4668-BE54-9A1E7A4F7556}") = "Basket.API", "Services\Basket\Basket.API\Basket.API.csproj", "{D4EBCA4F-7F19-418E-A64E-D62BAFFF003B}"
EndProject
Project("{2150E333-8FDC-42A3-9474-1A3956D46DE8}") = "Discount", "Discount", "{53568455-6CEB-4894-9A86-A3268CB4E014}"
EndProject
Project("{9A19103F-16F7-4668-BE54-9A1E7A4F7556}") = "Discount.API", "Services\Discount\Discount.API\Discount.API.csproj", "{7AA164A7-5B38-4B44-8CDC-6813D7B34779}"
EndProject
Project("{FAE04EC0-301F-11D3-BF4B-00C04F79EFBC}") = "Discount.Grpc", "Services\Discount\Discount.Grpc\Discount.Grpc.csproj", "{3541581B-83A0-40CB-A8F5-825B6B3EF830}"
EndProject
Global
	GlobalSection(SolutionConfigurationPlatforms) = preSolution
		Debug|Any CPU = Debug|Any CPU
		Release|Any CPU = Release|Any CPU
	EndGlobalSection
	GlobalSection(ProjectConfigurationPlatforms) = postSolution
		{8B941F8D-C7ED-4F13-A821-568684F7909B}.Debug|Any CPU.ActiveCfg = Debug|Any CPU
		{8B941F8D-C7ED-4F13-A821-568684F7909B}.Debug|Any CPU.Build.0 = Debug|Any CPU
		{8B941F8D-C7ED-4F13-A821-568684F7909B}.Release|Any CPU.ActiveCfg = Release|Any CPU
		{8B941F8D-C7ED-4F13-A821-568684F7909B}.Release|Any CPU.Build.0 = Release|Any CPU
		{262B9258-04CB-44AF-9C11-803B050C6E04}.Debug|Any CPU.ActiveCfg = Debug|Any CPU
		{262B9258-04CB-44AF-9C11-803B050C6E04}.Debug|Any CPU.Build.0 = Debug|Any CPU
		{262B9258-04CB-44AF-9C11-803B050C6E04}.Release|Any CPU.ActiveCfg = Release|Any CPU
		{262B9258-04CB-44AF-9C11-803B050C6E04}.Release|Any CPU.Build.0 = Release|Any CPU
		{D4EBCA4F-7F19-418E-A64E-D62BAFFF003B}.Debug|Any CPU.ActiveCfg = Debug|Any CPU
		{D4EBCA4F-7F19-418E-A64E-D62BAFFF003B}.Debug|Any CPU.Build.0 = Debug|Any CPU
		{D4EBCA4F-7F19-418E-A64E-D62BAFFF003B}.Release|Any CPU.ActiveCfg = Release|Any CPU
		{D4EBCA4F-7F19-418E-A64E-D62BAFFF003B}.Release|Any CPU.Build.0 = Release|Any CPU
		{7AA164A7-5B38-4B44-8CDC-6813D7B34779}.Debug|Any CPU.ActiveCfg = Debug|Any CPU
		{7AA164A7-5B38-4B44-8CDC-6813D7B34779}.Debug|Any CPU.Build.0 = Debug|Any CPU
		{7AA164A7-5B38-4B44-8CDC-6813D7B34779}.Release|Any CPU.ActiveCfg = Release|Any CPU
		{7AA164A7-5B38-4B44-8CDC-6813D7B34779}.Release|Any CPU.Build.0 = Release|Any CPU
		{3541581B-83A0-40CB-A8F5-825B6B3EF830}.Debug|Any CPU.ActiveCfg = Debug|Any CPU
		{3541581B-83A0-40CB-A8F5-825B6B3EF830}.Debug|Any CPU.Build.0 = Debug|Any CPU
		{3541581B-83A0-40CB-A8F5-825B6B3EF830}.Release|Any CPU.ActiveCfg = Release|Any CPU
		{3541581B-83A0-40CB-A8F5-825B6B3EF830}.Release|Any CPU.Build.0 = Release|Any CPU
	EndGlobalSection
	GlobalSection(SolutionProperties) = preSolution
		HideSolutionNode = FALSE
	EndGlobalSection
	GlobalSection(NestedProjects) = preSolution
		{64E0C9D6-1B62-4AFC-AA9D-077CE3D89382} = {1A034CDA-9384-47D3-8961-35EAF1867BDF}
		{8B941F8D-C7ED-4F13-A821-568684F7909B} = {64E0C9D6-1B62-4AFC-AA9D-077CE3D89382}
		{56960760-4A02-4F4D-8B85-748BDAB54CE9} = {1A034CDA-9384-47D3-8961-35EAF1867BDF}
		{D4EBCA4F-7F19-418E-A64E-D62BAFFF003B} = {56960760-4A02-4F4D-8B85-748BDAB54CE9}
		{53568455-6CEB-4894-9A86-A3268CB4E014} = {1A034CDA-9384-47D3-8961-35EAF1867BDF}
		{7AA164A7-5B38-4B44-8CDC-6813D7B34779} = {53568455-6CEB-4894-9A86-A3268CB4E014}
		{3541581B-83A0-40CB-A8F5-825B6B3EF830} = {53568455-6CEB-4894-9A86-A3268CB4E014}
	EndGlobalSection
	GlobalSection(ExtensibilityGlobals) = postSolution
		SolutionGuid = {21B2741F-242D-4EC5-B220-58B0B7010710}
	EndGlobalSection
EndGlobal
